// !$*UTF8*$!
{
	archiveVersion = 1;
	classes = {
	};
	objectVersion = 46;
	objects = {

/* Begin PBXBuildFile section */
		400E708C1E42CCCC00B5477B /* TouchIDService.swift in Sources */ = {isa = PBXBuildFile; fileRef = 400E708B1E42CCCC00B5477B /* TouchIDService.swift */; };
		400E70981E46CD2100B5477B /* HostListViewCell.swift in Sources */ = {isa = PBXBuildFile; fileRef = 400E70971E46CD2100B5477B /* HostListViewCell.swift */; };
		400E709B1E4AA10200B5477B /* HostDetailsViewModel.swift in Sources */ = {isa = PBXBuildFile; fileRef = 400E70991E4AA10200B5477B /* HostDetailsViewModel.swift */; };
		400E709C1E4AA10200B5477B /* MasterViewModel.swift in Sources */ = {isa = PBXBuildFile; fileRef = 400E709A1E4AA10200B5477B /* MasterViewModel.swift */; };
		401263831CE770DD00FAE75C /* NMSSH.framework in Frameworks */ = {isa = PBXBuildFile; fileRef = 4012637F1CE770DD00FAE75C /* NMSSH.framework */; };
		401263861CE770DD00FAE75C /* SwiftKeychainWrapper.framework in Frameworks */ = {isa = PBXBuildFile; fileRef = 401263821CE770DD00FAE75C /* SwiftKeychainWrapper.framework */; };
		4012639F1CE79F6400FAE75C /* MacHost.swift in Sources */ = {isa = PBXBuildFile; fileRef = 4012639E1CE79F6400FAE75C /* MacHost.swift */; };
		403692841E35A17200571EB5 /* ReSwiftRxBridge.swift in Sources */ = {isa = PBXBuildFile; fileRef = 403692831E35A17200571EB5 /* ReSwiftRxBridge.swift */; };
		403692861E35A1B300571EB5 /* ReactiveReSwift.framework in Frameworks */ = {isa = PBXBuildFile; fileRef = 403692851E35A1B300571EB5 /* ReactiveReSwift.framework */; };
		404E057A1E4FC3AF002F8A95 /* HostsReducerTests.swift in Sources */ = {isa = PBXBuildFile; fileRef = 404E05791E4FC3AF002F8A95 /* HostsReducerTests.swift */; };
		404E057B1E4FC6C4002F8A95 /* RxCocoa.framework in Frameworks */ = {isa = PBXBuildFile; fileRef = 40A8B6641E34132600C71EE7 /* RxCocoa.framework */; };
		408507CA1E2ACFCA00C2E0D1 /* State.swift in Sources */ = {isa = PBXBuildFile; fileRef = 408507C91E2ACFCA00C2E0D1 /* State.swift */; };
		408507CD1E2ACFFE00C2E0D1 /* MasterViewController.swift in Sources */ = {isa = PBXBuildFile; fileRef = 408507CC1E2ACFFE00C2E0D1 /* MasterViewController.swift */; };
		408507CF1E2AD05200C2E0D1 /* AppReducer.swift in Sources */ = {isa = PBXBuildFile; fileRef = 408507CE1E2AD05200C2E0D1 /* AppReducer.swift */; };
		408507D11E2AD9C200C2E0D1 /* HostsReducer.swift in Sources */ = {isa = PBXBuildFile; fileRef = 408507D01E2AD9C200C2E0D1 /* HostsReducer.swift */; };
		408507D41E2ADA8900C2E0D1 /* MacHostsInfoService.swift in Sources */ = {isa = PBXBuildFile; fileRef = 408507D31E2ADA8900C2E0D1 /* MacHostsInfoService.swift */; };
		408507D61E2ADC6800C2E0D1 /* AddHost.swift in Sources */ = {isa = PBXBuildFile; fileRef = 408507D51E2ADC6800C2E0D1 /* AddHost.swift */; };
		408507D81E2ADD0E00C2E0D1 /* RemoveHost.swift in Sources */ = {isa = PBXBuildFile; fileRef = 408507D71E2ADD0E00C2E0D1 /* RemoveHost.swift */; };
		408507DA1E2B0AEC00C2E0D1 /* HostsState.swift in Sources */ = {isa = PBXBuildFile; fileRef = 408507D91E2B0AEC00C2E0D1 /* HostsState.swift */; };
		408507DC1E2B147A00C2E0D1 /* UpdateHost.swift in Sources */ = {isa = PBXBuildFile; fileRef = 408507DB1E2B147A00C2E0D1 /* UpdateHost.swift */; };
		408507DE1E2BB9AB00C2E0D1 /* HostInfo.swift in Sources */ = {isa = PBXBuildFile; fileRef = 408507DD1E2BB9AB00C2E0D1 /* HostInfo.swift */; };
		408507E01E2BEB7000C2E0D1 /* SelectHost.swift in Sources */ = {isa = PBXBuildFile; fileRef = 408507DF1E2BEB7000C2E0D1 /* SelectHost.swift */; };
		408508071E2C495200C2E0D1 /* LatestHostAliasServivce.swift in Sources */ = {isa = PBXBuildFile; fileRef = 408508061E2C495200C2E0D1 /* LatestHostAliasServivce.swift */; };
		40A645921E3C359700CB62B1 /* MasterViewController+Routes.swift in Sources */ = {isa = PBXBuildFile; fileRef = 40A8B6621E340E1E00C71EE7 /* MasterViewController+Routes.swift */; };
		40A645AA1E3E6EF000CB62B1 /* MacUnlockService.swift in Sources */ = {isa = PBXBuildFile; fileRef = 40A645A91E3E6EF000CB62B1 /* MacUnlockService.swift */; };
		40A645AC1E3E721400CB62B1 /* SSHService.swift in Sources */ = {isa = PBXBuildFile; fileRef = 40A645AB1E3E721400CB62B1 /* SSHService.swift */; };
		40A8B65E1E33FE1F00C71EE7 /* RxSwift.framework in Frameworks */ = {isa = PBXBuildFile; fileRef = 40A8B65D1E33FE1F00C71EE7 /* RxSwift.framework */; };
		40A8B6651E34132600C71EE7 /* RxCocoa.framework in Frameworks */ = {isa = PBXBuildFile; fileRef = 40A8B6641E34132600C71EE7 /* RxCocoa.framework */; };
		40BD24ED1E330388004C8BD8 /* HostDetails.storyboard in Resources */ = {isa = PBXBuildFile; fileRef = 40BD24EC1E330388004C8BD8 /* HostDetails.storyboard */; };
		40BD24F11E330BFE004C8BD8 /* HostDetailsViewController.swift in Sources */ = {isa = PBXBuildFile; fileRef = 40BD24F01E330BFE004C8BD8 /* HostDetailsViewController.swift */; };
		40C4AB161CE758F400ED92C5 /* AppDelegate.swift in Sources */ = {isa = PBXBuildFile; fileRef = 40C4AB151CE758F400ED92C5 /* AppDelegate.swift */; };
		40C4AB1D1CE758F400ED92C5 /* Main.storyboard in Resources */ = {isa = PBXBuildFile; fileRef = 40C4AB1B1CE758F400ED92C5 /* Main.storyboard */; };
		40C4AB1F1CE758F400ED92C5 /* Assets.xcassets in Resources */ = {isa = PBXBuildFile; fileRef = 40C4AB1E1CE758F400ED92C5 /* Assets.xcassets */; };
		40C4AB2D1CE758F400ED92C5 /* MacKeyTests.swift in Sources */ = {isa = PBXBuildFile; fileRef = 40C4AB2C1CE758F400ED92C5 /* MacKeyTests.swift */; };
		40C4AB381CE758F500ED92C5 /* MacKeyUITests.swift in Sources */ = {isa = PBXBuildFile; fileRef = 40C4AB371CE758F500ED92C5 /* MacKeyUITests.swift */; };
/* End PBXBuildFile section */

/* Begin PBXContainerItemProxy section */
		4036926E1E3595D000571EB5 /* PBXContainerItemProxy */ = {
			isa = PBXContainerItemProxy;
			containerPortal = 403692641E3595CF00571EB5 /* ReactiveReSwift.xcodeproj */;
			proxyType = 2;
			remoteGlobalIDString = 625E66831C1FF97E0027C288;
			remoteInfo = "ReactiveReSwift-iOS";
		};
		403692701E3595D000571EB5 /* PBXContainerItemProxy */ = {
			isa = PBXContainerItemProxy;
			containerPortal = 403692641E3595CF00571EB5 /* ReactiveReSwift.xcodeproj */;
			proxyType = 2;
			remoteGlobalIDString = 625E669A1C1FFA3C0027C288;
			remoteInfo = "ReactiveReSwift-iOSTests";
		};
		403692721E3595D000571EB5 /* PBXContainerItemProxy */ = {
			isa = PBXContainerItemProxy;
			containerPortal = 403692641E3595CF00571EB5 /* ReactiveReSwift.xcodeproj */;
			proxyType = 2;
			remoteGlobalIDString = 25DBCF7B1C30C4AA00D63A58;
			remoteInfo = "ReactiveReSwift-macOS";
		};
		403692741E3595D000571EB5 /* PBXContainerItemProxy */ = {
			isa = PBXContainerItemProxy;
			containerPortal = 403692641E3595CF00571EB5 /* ReactiveReSwift.xcodeproj */;
			proxyType = 2;
			remoteGlobalIDString = 25DBCF871C30C4DB00D63A58;
			remoteInfo = "ReactiveReSwift-macOSTests";
		};
		403692761E3595D000571EB5 /* PBXContainerItemProxy */ = {
			isa = PBXContainerItemProxy;
			containerPortal = 403692641E3595CF00571EB5 /* ReactiveReSwift.xcodeproj */;
			proxyType = 2;
			remoteGlobalIDString = 25DBCF4E1C30C18D00D63A58;
			remoteInfo = "ReactiveReSwift-tvOS";
		};
		403692781E3595D000571EB5 /* PBXContainerItemProxy */ = {
			isa = PBXContainerItemProxy;
			containerPortal = 403692641E3595CF00571EB5 /* ReactiveReSwift.xcodeproj */;
			proxyType = 2;
			remoteGlobalIDString = 25DBCF641C30C1AC00D63A58;
			remoteInfo = "ReactiveReSwift-tvOSTests";
		};
		4036927A1E3595D000571EB5 /* PBXContainerItemProxy */ = {
			isa = PBXContainerItemProxy;
			containerPortal = 403692641E3595CF00571EB5 /* ReactiveReSwift.xcodeproj */;
			proxyType = 2;
			remoteGlobalIDString = 25DBCF371C30BF2B00D63A58;
			remoteInfo = "ReactiveReSwift-watchOS";
		};
		40C4AB291CE758F400ED92C5 /* PBXContainerItemProxy */ = {
			isa = PBXContainerItemProxy;
			containerPortal = 40C4AB0A1CE758F300ED92C5 /* Project object */;
			proxyType = 1;
			remoteGlobalIDString = 40C4AB111CE758F400ED92C5;
			remoteInfo = MacKey;
		};
		40C4AB341CE758F500ED92C5 /* PBXContainerItemProxy */ = {
			isa = PBXContainerItemProxy;
			containerPortal = 40C4AB0A1CE758F300ED92C5 /* Project object */;
			proxyType = 1;
			remoteGlobalIDString = 40C4AB111CE758F400ED92C5;
			remoteInfo = MacKey;
		};
/* End PBXContainerItemProxy section */

/* Begin PBXFileReference section */
		400E708B1E42CCCC00B5477B /* TouchIDService.swift */ = {isa = PBXFileReference; fileEncoding = 4; lastKnownFileType = sourcecode.swift; name = TouchIDService.swift; path = Services/TouchIDService.swift; sourceTree = "<group>"; };
		400E70971E46CD2100B5477B /* HostListViewCell.swift */ = {isa = PBXFileReference; fileEncoding = 4; lastKnownFileType = sourcecode.swift; path = HostListViewCell.swift; sourceTree = "<group>"; };
		400E70991E4AA10200B5477B /* HostDetailsViewModel.swift */ = {isa = PBXFileReference; fileEncoding = 4; lastKnownFileType = sourcecode.swift; name = HostDetailsViewModel.swift; path = ViewControllers/HostDetailsViewModel.swift; sourceTree = "<group>"; };
		400E709A1E4AA10200B5477B /* MasterViewModel.swift */ = {isa = PBXFileReference; fileEncoding = 4; lastKnownFileType = sourcecode.swift; name = MasterViewModel.swift; path = ViewControllers/MasterViewModel.swift; sourceTree = "<group>"; };
		4012637F1CE770DD00FAE75C /* NMSSH.framework */ = {isa = PBXFileReference; lastKnownFileType = wrapper.framework; name = NMSSH.framework; path = Carthage/Build/iOS/NMSSH.framework; sourceTree = "<group>"; };
		401263821CE770DD00FAE75C /* SwiftKeychainWrapper.framework */ = {isa = PBXFileReference; lastKnownFileType = wrapper.framework; name = SwiftKeychainWrapper.framework; path = Carthage/Build/iOS/SwiftKeychainWrapper.framework; sourceTree = "<group>"; };
		4012639E1CE79F6400FAE75C /* MacHost.swift */ = {isa = PBXFileReference; fileEncoding = 4; lastKnownFileType = sourcecode.swift; name = MacHost.swift; path = Models/MacHost.swift; sourceTree = "<group>"; };
		403692641E3595CF00571EB5 /* ReactiveReSwift.xcodeproj */ = {isa = PBXFileReference; lastKnownFileType = "wrapper.pb-project"; name = ReactiveReSwift.xcodeproj; path = Carthage/Checkouts/ReactiveReSwift/ReactiveReSwift.xcodeproj; sourceTree = "<group>"; };
		403692831E35A17200571EB5 /* ReSwiftRxBridge.swift */ = {isa = PBXFileReference; fileEncoding = 4; lastKnownFileType = sourcecode.swift; path = ReSwiftRxBridge.swift; sourceTree = "<group>"; };
		403692851E35A1B300571EB5 /* ReactiveReSwift.framework */ = {isa = PBXFileReference; lastKnownFileType = wrapper.framework; name = ReactiveReSwift.framework; path = Carthage/Build/iOS/ReactiveReSwift.framework; sourceTree = "<group>"; };
		404E05791E4FC3AF002F8A95 /* HostsReducerTests.swift */ = {isa = PBXFileReference; fileEncoding = 4; lastKnownFileType = sourcecode.swift; path = HostsReducerTests.swift; sourceTree = "<group>"; };
		408507C91E2ACFCA00C2E0D1 /* State.swift */ = {isa = PBXFileReference; fileEncoding = 4; lastKnownFileType = sourcecode.swift; name = State.swift; path = State/State.swift; sourceTree = "<group>"; };
		408507CC1E2ACFFE00C2E0D1 /* MasterViewController.swift */ = {isa = PBXFileReference; fileEncoding = 4; lastKnownFileType = sourcecode.swift; name = MasterViewController.swift; path = ViewControllers/MasterViewController.swift; sourceTree = "<group>"; };
		408507CE1E2AD05200C2E0D1 /* AppReducer.swift */ = {isa = PBXFileReference; fileEncoding = 4; lastKnownFileType = sourcecode.swift; name = AppReducer.swift; path = Reducers/AppReducer.swift; sourceTree = "<group>"; };
		408507D01E2AD9C200C2E0D1 /* HostsReducer.swift */ = {isa = PBXFileReference; fileEncoding = 4; lastKnownFileType = sourcecode.swift; name = HostsReducer.swift; path = Reducers/HostsReducer.swift; sourceTree = "<group>"; };
		408507D31E2ADA8900C2E0D1 /* MacHostsInfoService.swift */ = {isa = PBXFileReference; fileEncoding = 4; lastKnownFileType = sourcecode.swift; name = MacHostsInfoService.swift; path = Services/MacHostsInfoService.swift; sourceTree = "<group>"; };
		408507D51E2ADC6800C2E0D1 /* AddHost.swift */ = {isa = PBXFileReference; fileEncoding = 4; lastKnownFileType = sourcecode.swift; name = AddHost.swift; path = Actions/AddHost.swift; sourceTree = "<group>"; };
		408507D71E2ADD0E00C2E0D1 /* RemoveHost.swift */ = {isa = PBXFileReference; fileEncoding = 4; lastKnownFileType = sourcecode.swift; name = RemoveHost.swift; path = Actions/RemoveHost.swift; sourceTree = "<group>"; };
		408507D91E2B0AEC00C2E0D1 /* HostsState.swift */ = {isa = PBXFileReference; fileEncoding = 4; lastKnownFileType = sourcecode.swift; name = HostsState.swift; path = State/HostsState.swift; sourceTree = "<group>"; };
		408507DB1E2B147A00C2E0D1 /* UpdateHost.swift */ = {isa = PBXFileReference; fileEncoding = 4; lastKnownFileType = sourcecode.swift; name = UpdateHost.swift; path = Actions/UpdateHost.swift; sourceTree = "<group>"; };
		408507DD1E2BB9AB00C2E0D1 /* HostInfo.swift */ = {isa = PBXFileReference; fileEncoding = 4; lastKnownFileType = sourcecode.swift; name = HostInfo.swift; path = Models/HostInfo.swift; sourceTree = "<group>"; };
		408507DF1E2BEB7000C2E0D1 /* SelectHost.swift */ = {isa = PBXFileReference; fileEncoding = 4; lastKnownFileType = sourcecode.swift; name = SelectHost.swift; path = Actions/SelectHost.swift; sourceTree = "<group>"; };
		408508061E2C495200C2E0D1 /* LatestHostAliasServivce.swift */ = {isa = PBXFileReference; fileEncoding = 4; lastKnownFileType = sourcecode.swift; name = LatestHostAliasServivce.swift; path = Services/LatestHostAliasServivce.swift; sourceTree = "<group>"; };
		40A645A91E3E6EF000CB62B1 /* MacUnlockService.swift */ = {isa = PBXFileReference; fileEncoding = 4; lastKnownFileType = sourcecode.swift; name = MacUnlockService.swift; path = Services/MacUnlockService.swift; sourceTree = "<group>"; };
		40A645AB1E3E721400CB62B1 /* SSHService.swift */ = {isa = PBXFileReference; fileEncoding = 4; lastKnownFileType = sourcecode.swift; name = SSHService.swift; path = Services/SSHService.swift; sourceTree = "<group>"; };
		40A8B65D1E33FE1F00C71EE7 /* RxSwift.framework */ = {isa = PBXFileReference; lastKnownFileType = wrapper.framework; name = RxSwift.framework; path = Carthage/Build/iOS/RxSwift.framework; sourceTree = "<group>"; };
		40A8B6621E340E1E00C71EE7 /* MasterViewController+Routes.swift */ = {isa = PBXFileReference; fileEncoding = 4; lastKnownFileType = sourcecode.swift; name = "MasterViewController+Routes.swift"; path = "Routes/MasterViewController+Routes.swift"; sourceTree = "<group>"; };
		40A8B6641E34132600C71EE7 /* RxCocoa.framework */ = {isa = PBXFileReference; lastKnownFileType = wrapper.framework; name = RxCocoa.framework; path = Carthage/Build/iOS/RxCocoa.framework; sourceTree = "<group>"; };
		40BD24EC1E330388004C8BD8 /* HostDetails.storyboard */ = {isa = PBXFileReference; fileEncoding = 4; lastKnownFileType = file.storyboard; name = HostDetails.storyboard; path = Storyboards/HostDetails.storyboard; sourceTree = "<group>"; };
		40BD24F01E330BFE004C8BD8 /* HostDetailsViewController.swift */ = {isa = PBXFileReference; fileEncoding = 4; lastKnownFileType = sourcecode.swift; name = HostDetailsViewController.swift; path = ViewControllers/HostDetailsViewController.swift; sourceTree = "<group>"; };
		40C4AB121CE758F400ED92C5 /* MacKey.app */ = {isa = PBXFileReference; explicitFileType = wrapper.application; includeInIndex = 0; path = MacKey.app; sourceTree = BUILT_PRODUCTS_DIR; };
		40C4AB151CE758F400ED92C5 /* AppDelegate.swift */ = {isa = PBXFileReference; lastKnownFileType = sourcecode.swift; path = AppDelegate.swift; sourceTree = "<group>"; };
		40C4AB1C1CE758F400ED92C5 /* Base */ = {isa = PBXFileReference; lastKnownFileType = file.storyboard; name = Base; path = Base.lproj/Main.storyboard; sourceTree = "<group>"; };
		40C4AB1E1CE758F400ED92C5 /* Assets.xcassets */ = {isa = PBXFileReference; lastKnownFileType = folder.assetcatalog; path = Assets.xcassets; sourceTree = "<group>"; };
		40C4AB231CE758F400ED92C5 /* Info.plist */ = {isa = PBXFileReference; lastKnownFileType = text.plist.xml; path = Info.plist; sourceTree = "<group>"; };
		40C4AB281CE758F400ED92C5 /* MacKeyTests.xctest */ = {isa = PBXFileReference; explicitFileType = wrapper.cfbundle; includeInIndex = 0; path = MacKeyTests.xctest; sourceTree = BUILT_PRODUCTS_DIR; };
		40C4AB2C1CE758F400ED92C5 /* MacKeyTests.swift */ = {isa = PBXFileReference; lastKnownFileType = sourcecode.swift; path = MacKeyTests.swift; sourceTree = "<group>"; };
		40C4AB2E1CE758F400ED92C5 /* Info.plist */ = {isa = PBXFileReference; lastKnownFileType = text.plist.xml; path = Info.plist; sourceTree = "<group>"; };
		40C4AB331CE758F500ED92C5 /* MacKeyUITests.xctest */ = {isa = PBXFileReference; explicitFileType = wrapper.cfbundle; includeInIndex = 0; path = MacKeyUITests.xctest; sourceTree = BUILT_PRODUCTS_DIR; };
		40C4AB371CE758F500ED92C5 /* MacKeyUITests.swift */ = {isa = PBXFileReference; lastKnownFileType = sourcecode.swift; path = MacKeyUITests.swift; sourceTree = "<group>"; };
		40C4AB391CE758F500ED92C5 /* Info.plist */ = {isa = PBXFileReference; lastKnownFileType = text.plist.xml; path = Info.plist; sourceTree = "<group>"; };
/* End PBXFileReference section */

/* Begin PBXFrameworksBuildPhase section */
		40C4AB0F1CE758F400ED92C5 /* Frameworks */ = {
			isa = PBXFrameworksBuildPhase;
			buildActionMask = 2147483647;
			files = (
				401263831CE770DD00FAE75C /* NMSSH.framework in Frameworks */,
				401263861CE770DD00FAE75C /* SwiftKeychainWrapper.framework in Frameworks */,
				403692861E35A1B300571EB5 /* ReactiveReSwift.framework in Frameworks */,
				40A8B6651E34132600C71EE7 /* RxCocoa.framework in Frameworks */,
				40A8B65E1E33FE1F00C71EE7 /* RxSwift.framework in Frameworks */,
			);
			runOnlyForDeploymentPostprocessing = 0;
		};
		40C4AB251CE758F400ED92C5 /* Frameworks */ = {
			isa = PBXFrameworksBuildPhase;
			buildActionMask = 2147483647;
			files = (
				404E057B1E4FC6C4002F8A95 /* RxCocoa.framework in Frameworks */,
			);
			runOnlyForDeploymentPostprocessing = 0;
		};
		40C4AB301CE758F500ED92C5 /* Frameworks */ = {
			isa = PBXFrameworksBuildPhase;
			buildActionMask = 2147483647;
			files = (
			);
			runOnlyForDeploymentPostprocessing = 0;
		};
/* End PBXFrameworksBuildPhase section */

/* Begin PBXGroup section */
		400E708F1E46CCE900B5477B /* Views */ = {
			isa = PBXGroup;
			children = (
				400E70971E46CD2100B5477B /* HostListViewCell.swift */,
			);
			name = Views;
			sourceTree = "<group>";
		};
		4012639B1CE79EF300FAE75C /* Models */ = {
			isa = PBXGroup;
			children = (
				408507DD1E2BB9AB00C2E0D1 /* HostInfo.swift */,
				4012639E1CE79F6400FAE75C /* MacHost.swift */,
			);
			name = Models;
			sourceTree = "<group>";
		};
		403692651E3595CF00571EB5 /* Products */ = {
			isa = PBXGroup;
			children = (
				4036926F1E3595D000571EB5 /* ReactiveReSwift.framework */,
				403692711E3595D000571EB5 /* ReactiveReSwift-iOSTests.xctest */,
				403692731E3595D000571EB5 /* ReactiveReSwift.framework */,
				403692751E3595D000571EB5 /* ReactiveReSwift-macOSTests.xctest */,
				403692771E3595D000571EB5 /* ReactiveReSwift.framework */,
				403692791E3595D000571EB5 /* ReactiveReSwift-tvOSTests.xctest */,
				4036927B1E3595D000571EB5 /* ReactiveReSwift.framework */,
			);
			name = Products;
			sourceTree = "<group>";
		};
		408507761E2AC52F00C2E0D1 /* Actions */ = {
			isa = PBXGroup;
			children = (
				408507D51E2ADC6800C2E0D1 /* AddHost.swift */,
				408507D71E2ADD0E00C2E0D1 /* RemoveHost.swift */,
				408507DF1E2BEB7000C2E0D1 /* SelectHost.swift */,
				408507DB1E2B147A00C2E0D1 /* UpdateHost.swift */,
			);
			name = Actions;
			sourceTree = "<group>";
		};
		408507C71E2ACF4600C2E0D1 /* Reducers */ = {
			isa = PBXGroup;
			children = (
				408507CE1E2AD05200C2E0D1 /* AppReducer.swift */,
				408507D01E2AD9C200C2E0D1 /* HostsReducer.swift */,
			);
			name = Reducers;
			sourceTree = "<group>";
		};
		408507C81E2ACFA300C2E0D1 /* State */ = {
			isa = PBXGroup;
			children = (
				408507C91E2ACFCA00C2E0D1 /* State.swift */,
				408507D91E2B0AEC00C2E0D1 /* HostsState.swift */,
			);
			name = State;
			sourceTree = "<group>";
		};
		408507CB1E2ACFD300C2E0D1 /* ViewControllers */ = {
			isa = PBXGroup;
			children = (
				40BD24F01E330BFE004C8BD8 /* HostDetailsViewController.swift */,
				400E70991E4AA10200B5477B /* HostDetailsViewModel.swift */,
				408507CC1E2ACFFE00C2E0D1 /* MasterViewController.swift */,
				400E709A1E4AA10200B5477B /* MasterViewModel.swift */,
			);
			name = ViewControllers;
			sourceTree = "<group>";
		};
		408507D21E2ADA2F00C2E0D1 /* Services */ = {
			isa = PBXGroup;
			children = (
				408508061E2C495200C2E0D1 /* LatestHostAliasServivce.swift */,
				408507D31E2ADA8900C2E0D1 /* MacHostsInfoService.swift */,
				40A645A91E3E6EF000CB62B1 /* MacUnlockService.swift */,
				40A645AB1E3E721400CB62B1 /* SSHService.swift */,
				400E708B1E42CCCC00B5477B /* TouchIDService.swift */,
			);
			name = Services;
			sourceTree = "<group>";
		};
		40A8B65F1E340C1500C71EE7 /* Routes */ = {
			isa = PBXGroup;
			children = (
				40A8B6621E340E1E00C71EE7 /* MasterViewController+Routes.swift */,
			);
			name = Routes;
			sourceTree = "<group>";
		};
		40BD24EB1E32F937004C8BD8 /* Storyboards */ = {
			isa = PBXGroup;
			children = (
				40BD24EC1E330388004C8BD8 /* HostDetails.storyboard */,
			);
			name = Storyboards;
			sourceTree = "<group>";
		};
		40C4AB091CE758F300ED92C5 = {
			isa = PBXGroup;
			children = (
				403692641E3595CF00571EB5 /* ReactiveReSwift.xcodeproj */,
				4012637F1CE770DD00FAE75C /* NMSSH.framework */,
				403692851E35A1B300571EB5 /* ReactiveReSwift.framework */,
				40A8B6641E34132600C71EE7 /* RxCocoa.framework */,
				40A8B65D1E33FE1F00C71EE7 /* RxSwift.framework */,
				401263821CE770DD00FAE75C /* SwiftKeychainWrapper.framework */,
				40C4AB141CE758F400ED92C5 /* MacKey */,
				40C4AB2B1CE758F400ED92C5 /* MacKeyTests */,
				40C4AB361CE758F500ED92C5 /* MacKeyUITests */,
				40C4AB131CE758F400ED92C5 /* Products */,
			);
			sourceTree = "<group>";
		};
		40C4AB131CE758F400ED92C5 /* Products */ = {
			isa = PBXGroup;
			children = (
				40C4AB121CE758F400ED92C5 /* MacKey.app */,
				40C4AB281CE758F400ED92C5 /* MacKeyTests.xctest */,
				40C4AB331CE758F500ED92C5 /* MacKeyUITests.xctest */,
			);
			name = Products;
			sourceTree = "<group>";
		};
		40C4AB141CE758F400ED92C5 /* MacKey */ = {
			isa = PBXGroup;
			children = (
				40C4AB151CE758F400ED92C5 /* AppDelegate.swift */,
				403692831E35A17200571EB5 /* ReSwiftRxBridge.swift */,
				408507761E2AC52F00C2E0D1 /* Actions */,
				4012639B1CE79EF300FAE75C /* Models */,
				408507C71E2ACF4600C2E0D1 /* Reducers */,
				40C4AB451CE7592300ED92C5 /* Resources */,
				40A8B65F1E340C1500C71EE7 /* Routes */,
				408507D21E2ADA2F00C2E0D1 /* Services */,
				408507C81E2ACFA300C2E0D1 /* State */,
				40BD24EB1E32F937004C8BD8 /* Storyboards */,
				408507CB1E2ACFD300C2E0D1 /* ViewControllers */,
				400E708F1E46CCE900B5477B /* Views */,
			);
			path = MacKey;
			sourceTree = "<group>";
		};
		40C4AB2B1CE758F400ED92C5 /* MacKeyTests */ = {
			isa = PBXGroup;
			children = (
				404E05791E4FC3AF002F8A95 /* HostsReducerTests.swift */,
				40C4AB2C1CE758F400ED92C5 /* MacKeyTests.swift */,
				40C4AB2E1CE758F400ED92C5 /* Info.plist */,
			);
			path = MacKeyTests;
			sourceTree = "<group>";
		};
		40C4AB361CE758F500ED92C5 /* MacKeyUITests */ = {
			isa = PBXGroup;
			children = (
				40C4AB371CE758F500ED92C5 /* MacKeyUITests.swift */,
				40C4AB391CE758F500ED92C5 /* Info.plist */,
			);
			path = MacKeyUITests;
			sourceTree = "<group>";
		};
		40C4AB451CE7592300ED92C5 /* Resources */ = {
			isa = PBXGroup;
			children = (
				40C4AB1B1CE758F400ED92C5 /* Main.storyboard */,
				40C4AB1E1CE758F400ED92C5 /* Assets.xcassets */,
				40C4AB231CE758F400ED92C5 /* Info.plist */,
			);
			name = Resources;
			sourceTree = "<group>";
		};
/* End PBXGroup section */

/* Begin PBXNativeTarget section */
		40C4AB111CE758F400ED92C5 /* MacKey */ = {
			isa = PBXNativeTarget;
			buildConfigurationList = 40C4AB3C1CE758F500ED92C5 /* Build configuration list for PBXNativeTarget "MacKey" */;
			buildPhases = (
				403A1FAA1CFA453300DB2173 /* Update Bundle Version */,
				40C4AB0E1CE758F400ED92C5 /* Sources */,
				40C4AB0F1CE758F400ED92C5 /* Frameworks */,
				40C4AB101CE758F400ED92C5 /* Resources */,
				401263871CE7731400FAE75C /* ShellScript */,
			);
			buildRules = (
			);
			dependencies = (
			);
			name = MacKey;
			productName = MacKey;
			productReference = 40C4AB121CE758F400ED92C5 /* MacKey.app */;
			productType = "com.apple.product-type.application";
		};
		40C4AB271CE758F400ED92C5 /* MacKeyTests */ = {
			isa = PBXNativeTarget;
			buildConfigurationList = 40C4AB3F1CE758F500ED92C5 /* Build configuration list for PBXNativeTarget "MacKeyTests" */;
			buildPhases = (
				40C4AB241CE758F400ED92C5 /* Sources */,
				40C4AB251CE758F400ED92C5 /* Frameworks */,
				40C4AB261CE758F400ED92C5 /* Resources */,
			);
			buildRules = (
			);
			dependencies = (
				40C4AB2A1CE758F400ED92C5 /* PBXTargetDependency */,
			);
			name = MacKeyTests;
			productName = MacKeyTests;
			productReference = 40C4AB281CE758F400ED92C5 /* MacKeyTests.xctest */;
			productType = "com.apple.product-type.bundle.unit-test";
		};
		40C4AB321CE758F500ED92C5 /* MacKeyUITests */ = {
			isa = PBXNativeTarget;
			buildConfigurationList = 40C4AB421CE758F500ED92C5 /* Build configuration list for PBXNativeTarget "MacKeyUITests" */;
			buildPhases = (
				40C4AB2F1CE758F500ED92C5 /* Sources */,
				40C4AB301CE758F500ED92C5 /* Frameworks */,
				40C4AB311CE758F500ED92C5 /* Resources */,
			);
			buildRules = (
			);
			dependencies = (
				40C4AB351CE758F500ED92C5 /* PBXTargetDependency */,
			);
			name = MacKeyUITests;
			productName = MacKeyUITests;
			productReference = 40C4AB331CE758F500ED92C5 /* MacKeyUITests.xctest */;
			productType = "com.apple.product-type.bundle.ui-testing";
		};
/* End PBXNativeTarget section */

/* Begin PBXProject section */
		40C4AB0A1CE758F300ED92C5 /* Project object */ = {
			isa = PBXProject;
			attributes = {
				LastSwiftUpdateCheck = 0730;
				LastUpgradeCheck = 0820;
				ORGANIZATIONNAME = "Liu Liang";
				TargetAttributes = {
					40C4AB111CE758F400ED92C5 = {
						CreatedOnToolsVersion = 7.3.1;
						DevelopmentTeam = PWZTK547J6;
						LastSwiftMigration = 0820;
					};
					40C4AB271CE758F400ED92C5 = {
						CreatedOnToolsVersion = 7.3.1;
						DevelopmentTeam = 7YC8KN9YF3;
						LastSwiftMigration = 0820;
						TestTargetID = 40C4AB111CE758F400ED92C5;
					};
					40C4AB321CE758F500ED92C5 = {
						CreatedOnToolsVersion = 7.3.1;
						DevelopmentTeam = 7YC8KN9YF3;
						LastSwiftMigration = 0820;
						TestTargetID = 40C4AB111CE758F400ED92C5;
					};
				};
			};
			buildConfigurationList = 40C4AB0D1CE758F300ED92C5 /* Build configuration list for PBXProject "MacKey" */;
			compatibilityVersion = "Xcode 3.2";
			developmentRegion = English;
			hasScannedForEncodings = 0;
			knownRegions = (
				en,
				Base,
			);
			mainGroup = 40C4AB091CE758F300ED92C5;
			productRefGroup = 40C4AB131CE758F400ED92C5 /* Products */;
			projectDirPath = "";
			projectReferences = (
				{
					ProductGroup = 403692651E3595CF00571EB5 /* Products */;
					ProjectRef = 403692641E3595CF00571EB5 /* ReactiveReSwift.xcodeproj */;
				},
			);
			projectRoot = "";
			targets = (
				40C4AB111CE758F400ED92C5 /* MacKey */,
				40C4AB271CE758F400ED92C5 /* MacKeyTests */,
				40C4AB321CE758F500ED92C5 /* MacKeyUITests */,
			);
		};
/* End PBXProject section */

/* Begin PBXReferenceProxy section */
		4036926F1E3595D000571EB5 /* ReactiveReSwift.framework */ = {
			isa = PBXReferenceProxy;
			fileType = wrapper.framework;
			path = ReactiveReSwift.framework;
			remoteRef = 4036926E1E3595D000571EB5 /* PBXContainerItemProxy */;
			sourceTree = BUILT_PRODUCTS_DIR;
		};
		403692711E3595D000571EB5 /* ReactiveReSwift-iOSTests.xctest */ = {
			isa = PBXReferenceProxy;
			fileType = wrapper.cfbundle;
			path = "ReactiveReSwift-iOSTests.xctest";
			remoteRef = 403692701E3595D000571EB5 /* PBXContainerItemProxy */;
			sourceTree = BUILT_PRODUCTS_DIR;
		};
		403692731E3595D000571EB5 /* ReactiveReSwift.framework */ = {
			isa = PBXReferenceProxy;
			fileType = wrapper.framework;
			path = ReactiveReSwift.framework;
			remoteRef = 403692721E3595D000571EB5 /* PBXContainerItemProxy */;
			sourceTree = BUILT_PRODUCTS_DIR;
		};
		403692751E3595D000571EB5 /* ReactiveReSwift-macOSTests.xctest */ = {
			isa = PBXReferenceProxy;
			fileType = wrapper.cfbundle;
			path = "ReactiveReSwift-macOSTests.xctest";
			remoteRef = 403692741E3595D000571EB5 /* PBXContainerItemProxy */;
			sourceTree = BUILT_PRODUCTS_DIR;
		};
		403692771E3595D000571EB5 /* ReactiveReSwift.framework */ = {
			isa = PBXReferenceProxy;
			fileType = wrapper.framework;
			path = ReactiveReSwift.framework;
			remoteRef = 403692761E3595D000571EB5 /* PBXContainerItemProxy */;
			sourceTree = BUILT_PRODUCTS_DIR;
		};
		403692791E3595D000571EB5 /* ReactiveReSwift-tvOSTests.xctest */ = {
			isa = PBXReferenceProxy;
			fileType = wrapper.cfbundle;
			path = "ReactiveReSwift-tvOSTests.xctest";
			remoteRef = 403692781E3595D000571EB5 /* PBXContainerItemProxy */;
			sourceTree = BUILT_PRODUCTS_DIR;
		};
		4036927B1E3595D000571EB5 /* ReactiveReSwift.framework */ = {
			isa = PBXReferenceProxy;
			fileType = wrapper.framework;
			path = ReactiveReSwift.framework;
			remoteRef = 4036927A1E3595D000571EB5 /* PBXContainerItemProxy */;
			sourceTree = BUILT_PRODUCTS_DIR;
		};
/* End PBXReferenceProxy section */

/* Begin PBXResourcesBuildPhase section */
		40C4AB101CE758F400ED92C5 /* Resources */ = {
			isa = PBXResourcesBuildPhase;
			buildActionMask = 2147483647;
			files = (
				40BD24ED1E330388004C8BD8 /* HostDetails.storyboard in Resources */,
				40C4AB1F1CE758F400ED92C5 /* Assets.xcassets in Resources */,
				40C4AB1D1CE758F400ED92C5 /* Main.storyboard in Resources */,
			);
			runOnlyForDeploymentPostprocessing = 0;
		};
		40C4AB261CE758F400ED92C5 /* Resources */ = {
			isa = PBXResourcesBuildPhase;
			buildActionMask = 2147483647;
			files = (
			);
			runOnlyForDeploymentPostprocessing = 0;
		};
		40C4AB311CE758F500ED92C5 /* Resources */ = {
			isa = PBXResourcesBuildPhase;
			buildActionMask = 2147483647;
			files = (
			);
			runOnlyForDeploymentPostprocessing = 0;
		};
/* End PBXResourcesBuildPhase section */

/* Begin PBXShellScriptBuildPhase section */
		401263871CE7731400FAE75C /* ShellScript */ = {
			isa = PBXShellScriptBuildPhase;
			buildActionMask = 2147483647;
			files = (
			);
			inputPaths = (
				"$(SRCROOT)/Carthage/Build/iOS/NMSSH.framework",
				"$(SRCROOT)/Carthage/Build/iOS/SwiftKeychainWrapper.framework",
				"$(SRCROOT)/Carthage/Build/iOS/ReactiveReSwift.framework",
				"$(SRCROOT)/Carthage/Build/iOS/RxSwift.framework",
				"$(SRCROOT)/Carthage/Build/iOS/RxCocoa.framework",
			);
			outputPaths = (
			);
			runOnlyForDeploymentPostprocessing = 0;
			shellPath = /bin/sh;
			shellScript = "/usr/local/bin/carthage copy-frameworks";
		};
		403A1FAA1CFA453300DB2173 /* Update Bundle Version */ = {
			isa = PBXShellScriptBuildPhase;
			buildActionMask = 2147483647;
			files = (
			);
			inputPaths = (
			);
			name = "Update Bundle Version";
			outputPaths = (
			);
			runOnlyForDeploymentPostprocessing = 0;
			shellPath = /bin/sh;
			shellScript = "[ \"$CONFIGURATION\" = \"Release\" ] || exit 0\n \"$SRCROOT/Scripts/increaseBundleVersion.sh\"";
		};
/* End PBXShellScriptBuildPhase section */

/* Begin PBXSourcesBuildPhase section */
		40C4AB0E1CE758F400ED92C5 /* Sources */ = {
			isa = PBXSourcesBuildPhase;
			buildActionMask = 2147483647;
			files = (
				400E709C1E4AA10200B5477B /* MasterViewModel.swift in Sources */,
				40BD24F11E330BFE004C8BD8 /* HostDetailsViewController.swift in Sources */,
				4012639F1CE79F6400FAE75C /* MacHost.swift in Sources */,
				408507CD1E2ACFFE00C2E0D1 /* MasterViewController.swift in Sources */,
				40A645921E3C359700CB62B1 /* MasterViewController+Routes.swift in Sources */,
				408507DC1E2B147A00C2E0D1 /* UpdateHost.swift in Sources */,
				408507CF1E2AD05200C2E0D1 /* AppReducer.swift in Sources */,
				400E70981E46CD2100B5477B /* HostListViewCell.swift in Sources */,
				408507D81E2ADD0E00C2E0D1 /* RemoveHost.swift in Sources */,
				400E708C1E42CCCC00B5477B /* TouchIDService.swift in Sources */,
				408507CA1E2ACFCA00C2E0D1 /* State.swift in Sources */,
				40A645AC1E3E721400CB62B1 /* SSHService.swift in Sources */,
				408508071E2C495200C2E0D1 /* LatestHostAliasServivce.swift in Sources */,
				408507DE1E2BB9AB00C2E0D1 /* HostInfo.swift in Sources */,
				403692841E35A17200571EB5 /* ReSwiftRxBridge.swift in Sources */,
				40A645AA1E3E6EF000CB62B1 /* MacUnlockService.swift in Sources */,
				408507DA1E2B0AEC00C2E0D1 /* HostsState.swift in Sources */,
				408507E01E2BEB7000C2E0D1 /* SelectHost.swift in Sources */,
				400E709B1E4AA10200B5477B /* HostDetailsViewModel.swift in Sources */,
				408507D41E2ADA8900C2E0D1 /* MacHostsInfoService.swift in Sources */,
				40C4AB161CE758F400ED92C5 /* AppDelegate.swift in Sources */,
				408507D61E2ADC6800C2E0D1 /* AddHost.swift in Sources */,
				408507D11E2AD9C200C2E0D1 /* HostsReducer.swift in Sources */,
			);
			runOnlyForDeploymentPostprocessing = 0;
		};
		40C4AB241CE758F400ED92C5 /* Sources */ = {
			isa = PBXSourcesBuildPhase;
			buildActionMask = 2147483647;
			files = (
				404E057A1E4FC3AF002F8A95 /* HostsReducerTests.swift in Sources */,
				40C4AB2D1CE758F400ED92C5 /* MacKeyTests.swift in Sources */,
			);
			runOnlyForDeploymentPostprocessing = 0;
		};
		40C4AB2F1CE758F500ED92C5 /* Sources */ = {
			isa = PBXSourcesBuildPhase;
			buildActionMask = 2147483647;
			files = (
				40C4AB381CE758F500ED92C5 /* MacKeyUITests.swift in Sources */,
			);
			runOnlyForDeploymentPostprocessing = 0;
		};
/* End PBXSourcesBuildPhase section */

/* Begin PBXTargetDependency section */
		40C4AB2A1CE758F400ED92C5 /* PBXTargetDependency */ = {
			isa = PBXTargetDependency;
			target = 40C4AB111CE758F400ED92C5 /* MacKey */;
			targetProxy = 40C4AB291CE758F400ED92C5 /* PBXContainerItemProxy */;
		};
		40C4AB351CE758F500ED92C5 /* PBXTargetDependency */ = {
			isa = PBXTargetDependency;
			target = 40C4AB111CE758F400ED92C5 /* MacKey */;
			targetProxy = 40C4AB341CE758F500ED92C5 /* PBXContainerItemProxy */;
		};
/* End PBXTargetDependency section */

/* Begin PBXVariantGroup section */
		40C4AB1B1CE758F400ED92C5 /* Main.storyboard */ = {
			isa = PBXVariantGroup;
			children = (
				40C4AB1C1CE758F400ED92C5 /* Base */,
			);
			name = Main.storyboard;
			sourceTree = "<group>";
		};
/* End PBXVariantGroup section */

/* Begin XCBuildConfiguration section */
		40C4AB3A1CE758F500ED92C5 /* Debug */ = {
			isa = XCBuildConfiguration;
			buildSettings = {
				ALWAYS_SEARCH_USER_PATHS = NO;
				CLANG_ANALYZER_NONNULL = YES;
				CLANG_CXX_LANGUAGE_STANDARD = "gnu++0x";
				CLANG_CXX_LIBRARY = "libc++";
				CLANG_ENABLE_MODULES = YES;
				CLANG_ENABLE_OBJC_ARC = YES;
				CLANG_WARN_BOOL_CONVERSION = YES;
				CLANG_WARN_CONSTANT_CONVERSION = YES;
				CLANG_WARN_DIRECT_OBJC_ISA_USAGE = YES_ERROR;
				CLANG_WARN_EMPTY_BODY = YES;
				CLANG_WARN_ENUM_CONVERSION = YES;
				CLANG_WARN_INFINITE_RECURSION = YES;
				CLANG_WARN_INT_CONVERSION = YES;
				CLANG_WARN_OBJC_ROOT_CLASS = YES_ERROR;
				CLANG_WARN_SUSPICIOUS_MOVE = YES;
				CLANG_WARN_UNREACHABLE_CODE = YES;
				CLANG_WARN__DUPLICATE_METHOD_MATCH = YES;
				"CODE_SIGN_IDENTITY[sdk=iphoneos*]" = "iPhone Developer";
				COPY_PHASE_STRIP = NO;
				DEBUG_INFORMATION_FORMAT = dwarf;
				ENABLE_STRICT_OBJC_MSGSEND = YES;
				ENABLE_TESTABILITY = YES;
				GCC_C_LANGUAGE_STANDARD = gnu99;
				GCC_DYNAMIC_NO_PIC = NO;
				GCC_NO_COMMON_BLOCKS = YES;
				GCC_OPTIMIZATION_LEVEL = 0;
				GCC_PREPROCESSOR_DEFINITIONS = (
					"DEBUG=1",
					"$(inherited)",
				);
				GCC_WARN_64_TO_32_BIT_CONVERSION = YES;
				GCC_WARN_ABOUT_RETURN_TYPE = YES_ERROR;
				GCC_WARN_UNDECLARED_SELECTOR = YES;
				GCC_WARN_UNINITIALIZED_AUTOS = YES_AGGRESSIVE;
				GCC_WARN_UNUSED_FUNCTION = YES;
				GCC_WARN_UNUSED_VARIABLE = YES;
				IPHONEOS_DEPLOYMENT_TARGET = 9.3;
				MTL_ENABLE_DEBUG_INFO = YES;
				ONLY_ACTIVE_ARCH = YES;
				SDKROOT = iphoneos;
				SWIFT_OPTIMIZATION_LEVEL = "-Onone";
			};
			name = Debug;
		};
		40C4AB3B1CE758F500ED92C5 /* Release */ = {
			isa = XCBuildConfiguration;
			buildSettings = {
				ALWAYS_SEARCH_USER_PATHS = NO;
				CLANG_ANALYZER_NONNULL = YES;
				CLANG_CXX_LANGUAGE_STANDARD = "gnu++0x";
				CLANG_CXX_LIBRARY = "libc++";
				CLANG_ENABLE_MODULES = YES;
				CLANG_ENABLE_OBJC_ARC = YES;
				CLANG_WARN_BOOL_CONVERSION = YES;
				CLANG_WARN_CONSTANT_CONVERSION = YES;
				CLANG_WARN_DIRECT_OBJC_ISA_USAGE = YES_ERROR;
				CLANG_WARN_EMPTY_BODY = YES;
				CLANG_WARN_ENUM_CONVERSION = YES;
				CLANG_WARN_INFINITE_RECURSION = YES;
				CLANG_WARN_INT_CONVERSION = YES;
				CLANG_WARN_OBJC_ROOT_CLASS = YES_ERROR;
				CLANG_WARN_SUSPICIOUS_MOVE = YES;
				CLANG_WARN_UNREACHABLE_CODE = YES;
				CLANG_WARN__DUPLICATE_METHOD_MATCH = YES;
				"CODE_SIGN_IDENTITY[sdk=iphoneos*]" = "iPhone Developer";
				COPY_PHASE_STRIP = NO;
				DEBUG_INFORMATION_FORMAT = "dwarf-with-dsym";
				ENABLE_NS_ASSERTIONS = NO;
				ENABLE_STRICT_OBJC_MSGSEND = YES;
				GCC_C_LANGUAGE_STANDARD = gnu99;
				GCC_NO_COMMON_BLOCKS = YES;
				GCC_WARN_64_TO_32_BIT_CONVERSION = YES;
				GCC_WARN_ABOUT_RETURN_TYPE = YES_ERROR;
				GCC_WARN_UNDECLARED_SELECTOR = YES;
				GCC_WARN_UNINITIALIZED_AUTOS = YES_AGGRESSIVE;
				GCC_WARN_UNUSED_FUNCTION = YES;
				GCC_WARN_UNUSED_VARIABLE = YES;
				IPHONEOS_DEPLOYMENT_TARGET = 9.3;
				MTL_ENABLE_DEBUG_INFO = NO;
				SDKROOT = iphoneos;
				SWIFT_OPTIMIZATION_LEVEL = "-Owholemodule";
				VALIDATE_PRODUCT = YES;
			};
			name = Release;
		};
		40C4AB3D1CE758F500ED92C5 /* Debug */ = {
			isa = XCBuildConfiguration;
			buildSettings = {
				ASSETCATALOG_COMPILER_APPICON_NAME = AppIcon;
				CODE_SIGN_IDENTITY = "iPhone Developer";
				"CODE_SIGN_IDENTITY[sdk=iphoneos*]" = "iPhone Developer";
				FRAMEWORK_SEARCH_PATHS = (
					"$(inherited)",
					"$(PROJECT_DIR)/Carthage/Build/iOS",
				);
				INFOPLIST_FILE = MacKey/Info.plist;
				LD_RUNPATH_SEARCH_PATHS = "$(inherited) @executable_path/Frameworks";
				PRODUCT_BUNDLE_IDENTIFIER = com.nlprliu.MacKey;
				PRODUCT_NAME = "$(TARGET_NAME)";
				PROVISIONING_PROFILE = "";
				"SWIFT_ACTIVE_COMPILATION_CONDITIONS[arch=*]" = DEBUG;
				SWIFT_VERSION = 3.0;
				VALID_ARCHS = arm64;
			};
			name = Debug;
		};
		40C4AB3E1CE758F500ED92C5 /* Release */ = {
			isa = XCBuildConfiguration;
			buildSettings = {
				ASSETCATALOG_COMPILER_APPICON_NAME = AppIcon;
				CODE_SIGN_IDENTITY = "iPhone Developer";
				"CODE_SIGN_IDENTITY[sdk=iphoneos*]" = "iPhone Developer";
				FRAMEWORK_SEARCH_PATHS = (
					"$(inherited)",
					"$(PROJECT_DIR)/Carthage/Build/iOS",
				);
				INFOPLIST_FILE = MacKey/Info.plist;
				LD_RUNPATH_SEARCH_PATHS = "$(inherited) @executable_path/Frameworks";
				PRODUCT_BUNDLE_IDENTIFIER = com.nlprliu.MacKey;
				PRODUCT_NAME = "$(TARGET_NAME)";
				PROVISIONING_PROFILE = "";
				SWIFT_VERSION = 3.0;
				VALID_ARCHS = arm64;
			};
			name = Release;
		};
		40C4AB401CE758F500ED92C5 /* Debug */ = {
			isa = XCBuildConfiguration;
			buildSettings = {
				BUNDLE_LOADER = "$(TEST_HOST)";
				FRAMEWORK_SEARCH_PATHS = (
					"$(inherited)",
					"$(PROJECT_DIR)/Carthage/Build/iOS",
				);
				INFOPLIST_FILE = MacKeyTests/Info.plist;
				LD_RUNPATH_SEARCH_PATHS = "$(inherited) @executable_path/Frameworks @loader_path/Frameworks";
				PRODUCT_BUNDLE_IDENTIFIER = Lance.MacKeyTests;
				PRODUCT_NAME = "$(TARGET_NAME)";
				SWIFT_VERSION = 3.0;
				TEST_HOST = "$(BUILT_PRODUCTS_DIR)/MacKey.app/MacKey";
			};
			name = Debug;
		};
		40C4AB411CE758F500ED92C5 /* Release */ = {
			isa = XCBuildConfiguration;
			buildSettings = {
				BUNDLE_LOADER = "$(TEST_HOST)";
				FRAMEWORK_SEARCH_PATHS = (
					"$(inherited)",
					"$(PROJECT_DIR)/Carthage/Build/iOS",
				);
				INFOPLIST_FILE = MacKeyTests/Info.plist;
				LD_RUNPATH_SEARCH_PATHS = "$(inherited) @executable_path/Frameworks @loader_path/Frameworks";
				PRODUCT_BUNDLE_IDENTIFIER = Lance.MacKeyTests;
				PRODUCT_NAME = "$(TARGET_NAME)";
				SWIFT_VERSION = 3.0;
				TEST_HOST = "$(BUILT_PRODUCTS_DIR)/MacKey.app/MacKey";
			};
			name = Release;
		};
		40C4AB431CE758F500ED92C5 /* Debug */ = {
			isa = XCBuildConfiguration;
			buildSettings = {
				INFOPLIST_FILE = MacKeyUITests/Info.plist;
				LD_RUNPATH_SEARCH_PATHS = "$(inherited) @executable_path/Frameworks @loader_path/Frameworks";
				PRODUCT_BUNDLE_IDENTIFIER = Lance.MacKeyUITests;
				PRODUCT_NAME = "$(TARGET_NAME)";
				SWIFT_VERSION = 3.0;
				TEST_TARGET_NAME = MacKey;
			};
			name = Debug;
		};
		40C4AB441CE758F500ED92C5 /* Release */ = {
			isa = XCBuildConfiguration;
			buildSettings = {
				INFOPLIST_FILE = MacKeyUITests/Info.plist;
				LD_RUNPATH_SEARCH_PATHS = "$(inherited) @executable_path/Frameworks @loader_path/Frameworks";
				PRODUCT_BUNDLE_IDENTIFIER = Lance.MacKeyUITests;
				PRODUCT_NAME = "$(TARGET_NAME)";
				SWIFT_VERSION = 3.0;
				TEST_TARGET_NAME = MacKey;
			};
			name = Release;
		};
/* End XCBuildConfiguration section */

/* Begin XCConfigurationList section */
		40C4AB0D1CE758F300ED92C5 /* Build configuration list for PBXProject "MacKey" */ = {
			isa = XCConfigurationList;
			buildConfigurations = (
				40C4AB3A1CE758F500ED92C5 /* Debug */,
				40C4AB3B1CE758F500ED92C5 /* Release */,
			);
			defaultConfigurationIsVisible = 0;
			defaultConfigurationName = Release;
		};
		40C4AB3C1CE758F500ED92C5 /* Build configuration list for PBXNativeTarget "MacKey" */ = {
			isa = XCConfigurationList;
			buildConfigurations = (
				40C4AB3D1CE758F500ED92C5 /* Debug */,
				40C4AB3E1CE758F500ED92C5 /* Release */,
			);
			defaultConfigurationIsVisible = 0;
			defaultConfigurationName = Release;
		};
		40C4AB3F1CE758F500ED92C5 /* Build configuration list for PBXNativeTarget "MacKeyTests" */ = {
			isa = XCConfigurationList;
			buildConfigurations = (
				40C4AB401CE758F500ED92C5 /* Debug */,
				40C4AB411CE758F500ED92C5 /* Release */,
			);
			defaultConfigurationIsVisible = 0;
			defaultConfigurationName = Release;
		};
		40C4AB421CE758F500ED92C5 /* Build configuration list for PBXNativeTarget "MacKeyUITests" */ = {
			isa = XCConfigurationList;
			buildConfigurations = (
				40C4AB431CE758F500ED92C5 /* Debug */,
				40C4AB441CE758F500ED92C5 /* Release */,
			);
			defaultConfigurationIsVisible = 0;
			defaultConfigurationName = Release;
		};
/* End XCConfigurationList section */
	};
	rootObject = 40C4AB0A1CE758F300ED92C5 /* Project object */;
}
